{
  "name": "grain-near-sdk",
  "version": "0.0.1",
  "lockfileVersion": 2,
  "requires": true,
  "packages": {
    "": {
      "name": "grain-near-sdk",
      "version": "0.0.1",
      "workspaces": [
        "test-suite"
      ]
    },
    "node_modules/@grain-near-sdk/test-suite": {
      "resolved": "test-suite",
      "link": true
    },
    "test-suite": {
      "name": "@grain-near-sdk/test-suite",
      "version": "0.0.1",
      "workspaces": [
        "example-contracts",
        "unit-tests"
      ]
    }
  },
  "dependencies": {
    "@grain-near-sdk/test-suite": {
      "version": "file:test-suite"
    }
  }
}
